
Microsoft Visual Studio Solution File, Format Version 12.00
# Visual Studio Version 16
VisualStudioVersion = 16.0.33920.266
MinimumVisualStudioVersion = 10.0.40219.1
Project("{C9674DCB-5085-4A16-B785-4C70DD1589BD}") = "DW_Eventuales_Ferrum", "DW_Eventuales_Ferrum\DW_Eventuales_Ferrum.dtproj", "{1871A709-C400-4A4C-B0A4-A2D5B112915E}"
EndProject
Global
	GlobalSection(SolutionConfigurationPlatforms) = preSolution
		Development|Default = Development|Default
	EndGlobalSection
	GlobalSection(ProjectConfigurationPlatforms) = postSolution
		{1871A709-C400-4A4C-B0A4-A2D5B112915E}.Development|Default.ActiveCfg = Development
		{1871A709-C400-4A4C-B0A4-A2D5B112915E}.Development|Default.Build.0 = Development
	EndGlobalSection
	GlobalSection(SolutionProperties) = preSolution
		HideSolutionNode = FALSE
	EndGlobalSection
	GlobalSection(ExtensibilityGlobals) = postSolution
		SolutionGuid = {D882AD9F-143D-4BD0-B20F-BA1389171877}
	EndGlobalSection
EndGlobal
