
Microsoft Visual Studio Solution File, Format Version 12.00
# Visual Studio Version 16
VisualStudioVersion = 16.0.33920.266
MinimumVisualStudioVersion = 10.0.40219.1
Project("{C9674DCB-5085-4A16-B785-4C70DD1589BD}") = "DW_Eventuales_FV", "DW_Eventuales_FV\DW_Eventuales_FV.dtproj", "{D7C92747-F34C-4768-AE50-59CEDB825857}"
EndProject
Global
	GlobalSection(SolutionConfigurationPlatforms) = preSolution
		Development|Default = Development|Default
	EndGlobalSection
	GlobalSection(ProjectConfigurationPlatforms) = postSolution
		{D7C92747-F34C-4768-AE50-59CEDB825857}.Development|Default.ActiveCfg = Development
		{D7C92747-F34C-4768-AE50-59CEDB825857}.Development|Default.Build.0 = Development
	EndGlobalSection
	GlobalSection(SolutionProperties) = preSolution
		HideSolutionNode = FALSE
	EndGlobalSection
	GlobalSection(ExtensibilityGlobals) = postSolution
		SolutionGuid = {B11D65B5-4758-479F-98FB-119AF6EFA176}
	EndGlobalSection
EndGlobal
